
Microsoft Visual Studio Solution File, Format Version 12.00
# Visual Studio Version 17
VisualStudioVersion = 17.5.33424.131
MinimumVisualStudioVersion = 10.0.40219.1
Project("{FAE04EC0-301F-11D3-BF4B-00C04F79EFBC}") = "Variable_og_Datatyper", "Variable_og_Datatyper\Variable_og_Datatyper.csproj", "{7E77243D-6F4D-439B-BA75-36BADA632AB4}"
EndProject
Global
	GlobalSection(SolutionConfigurationPlatforms) = preSolution
		Debug|Any CPU = Debug|Any CPU
		Release|Any CPU = Release|Any CPU
	EndGlobalSection
	GlobalSection(ProjectConfigurationPlatforms) = postSolution
		{7E77243D-6F4D-439B-BA75-36BADA632AB4}.Debug|Any CPU.ActiveCfg = Debug|Any CPU
		{7E77243D-6F4D-439B-BA75-36BADA632AB4}.Debug|Any CPU.Build.0 = Debug|Any CPU
		{7E77243D-6F4D-439B-BA75-36BADA632AB4}.Release|Any CPU.ActiveCfg = Release|Any CPU
		{7E77243D-6F4D-439B-BA75-36BADA632AB4}.Release|Any CPU.Build.0 = Release|Any CPU
	EndGlobalSection
	GlobalSection(SolutionProperties) = preSolution
		HideSolutionNode = FALSE
	EndGlobalSection
	GlobalSection(ExtensibilityGlobals) = postSolution
		SolutionGuid = {BC99C432-3D43-4454-BD9C-99B4B832F464}
	EndGlobalSection
EndGlobal
